github.com/deckarep/golang-set/v2 v2.1.0 h1:g47V4Or+DUdzbs8FxCCmgb6VYd+ptPAngjM6dtGktsI=
github.com/deckarep/golang-set/v2 v2.1.0/go.mod h1:VAky9rY/yGXJOLEDv3OMci+7wtDpOF4IN+y82NBOac4=
github.com/halimath/expect-go v0.0.0-20220913172635-5e8906ded1a7 h1:zcIoHq9rhYmjDzcposR+gWJgvEqzB9TenyAyFx5zws8=
github.com/halimath/expect-go v0.0.0-20220913172635-5e8906ded1a7/go.mod h1:cdpANndVdCauUz1/Qn0774a3suiTySC6Ft92oHtiDYU=
github.com/mccutchen/go-httpbin/v2 v2.4.1 h1:28RzmKvHYy8WluBPfuV75BBJ2xSvpT3XcLHkSLHG0d0=
github.com/mccutchen/go-httpbin/v2 v2.4.1/go.mod h1:+DBHcmg6EOeoizuiOI8iL12VIHXx+9YQNlz+gjB9uxk=
